// !$*UTF8*$!
{
	archiveVersion = 1;
	classes = {
	};
	objectVersion = 46;
	objects = {

/* Begin PBXBuildFile section */
		496DA4BC1DB5FE90004F84F9 /* main.swift in Sources */ = {isa = PBXBuildFile; fileRef = 496DA4BB1DB5FE90004F84F9 /* main.swift */; };
		496DA4D41DB5FEF6004F84F9 /* JobTests.swift in Sources */ = {isa = PBXBuildFile; fileRef = 496DA4CF1DB5FEF6004F84F9 /* JobTests.swift */; };
		496DA4D51DB5FEF6004F84F9 /* MoneyTests.swift in Sources */ = {isa = PBXBuildFile; fileRef = 496DA4D01DB5FEF6004F84F9 /* MoneyTests.swift */; };
		496DA4D61DB5FEF6004F84F9 /* PersonTests.swift in Sources */ = {isa = PBXBuildFile; fileRef = 496DA4D11DB5FEF6004F84F9 /* PersonTests.swift */; };
		496DA4D91DB5FF3B004F84F9 /* SimpleDomainModelTests.swift in Sources */ = {isa = PBXBuildFile; fileRef = 496DA4D81DB5FF3B004F84F9 /* SimpleDomainModelTests.swift */; };
		496DA4DA1DB5FF53004F84F9 /* main.swift in Sources */ = {isa = PBXBuildFile; fileRef = 496DA4BB1DB5FE90004F84F9 /* main.swift */; };
		496DA4DC1DB5FF9D004F84F9 /* Info.plist in Resources */ = {isa = PBXBuildFile; fileRef = 496DA4DB1DB5FF9D004F84F9 /* Info.plist */; };
/* End PBXBuildFile section */

/* Begin PBXCopyFilesBuildPhase section */
		496DA4B61DB5FE90004F84F9 /* CopyFiles */ = {
			isa = PBXCopyFilesBuildPhase;
			buildActionMask = 2147483647;
			dstPath = /usr/share/man/man1/;
			dstSubfolderSpec = 0;
			files = (
			);
			runOnlyForDeploymentPostprocessing = 1;
		};
/* End PBXCopyFilesBuildPhase section */

/* Begin PBXFileReference section */
		496DA4B81DB5FE90004F84F9 /* SimpleDomainModel */ = {isa = PBXFileReference; explicitFileType = "compiled.mach-o.executable"; includeInIndex = 0; path = SimpleDomainModel; sourceTree = BUILT_PRODUCTS_DIR; };
		496DA4BB1DB5FE90004F84F9 /* main.swift */ = {isa = PBXFileReference; lastKnownFileType = sourcecode.swift; path = main.swift; sourceTree = "<group>"; };
		496DA4C61DB5FEB3004F84F9 /* SimpleDomainModelTests.xctest */ = {isa = PBXFileReference; explicitFileType = wrapper.cfbundle; includeInIndex = 0; path = SimpleDomainModelTests.xctest; sourceTree = BUILT_PRODUCTS_DIR; };
		496DA4CF1DB5FEF6004F84F9 /* JobTests.swift */ = {isa = PBXFileReference; fileEncoding = 4; lastKnownFileType = sourcecode.swift; path = JobTests.swift; sourceTree = "<group>"; };
		496DA4D01DB5FEF6004F84F9 /* MoneyTests.swift */ = {isa = PBXFileReference; fileEncoding = 4; lastKnownFileType = sourcecode.swift; path = MoneyTests.swift; sourceTree = "<group>"; };
		496DA4D11DB5FEF6004F84F9 /* PersonTests.swift */ = {isa = PBXFileReference; fileEncoding = 4; lastKnownFileType = sourcecode.swift; path = PersonTests.swift; sourceTree = "<group>"; };
		496DA4D81DB5FF3B004F84F9 /* SimpleDomainModelTests.swift */ = {isa = PBXFileReference; fileEncoding = 4; lastKnownFileType = sourcecode.swift; name = SimpleDomainModelTests.swift; path = ../../../Downloads/SimpleDomainModel/SimpleDomainModelTests/SimpleDomainModelTests.swift; sourceTree = "<group>"; };
		496DA4DB1DB5FF9D004F84F9 /* Info.plist */ = {isa = PBXFileReference; fileEncoding = 4; lastKnownFileType = text.plist.xml; name = Info.plist; path = ../../../Downloads/SimpleDomainModel/SimpleDomainModelTests/Info.plist; sourceTree = "<group>"; };
/* End PBXFileReference section */

/* Begin PBXFrameworksBuildPhase section */
		496DA4B51DB5FE90004F84F9 /* Frameworks */ = {
			isa = PBXFrameworksBuildPhase;
			buildActionMask = 2147483647;
			files = (
			);
			runOnlyForDeploymentPostprocessing = 0;
		};
		496DA4C31DB5FEB3004F84F9 /* Frameworks */ = {
			isa = PBXFrameworksBuildPhase;
			buildActionMask = 2147483647;
			files = (
			);
			runOnlyForDeploymentPostprocessing = 0;
		};
/* End PBXFrameworksBuildPhase section */

/* Begin PBXGroup section */
		496DA4AF1DB5FE90004F84F9 = {
			isa = PBXGroup;
			children = (
				496DA4BA1DB5FE90004F84F9 /* SimpleDomainModel */,
				496DA4C71DB5FEB3004F84F9 /* SimpleDomainModelTests */,
				496DA4B91DB5FE90004F84F9 /* Products */,
			);
			sourceTree = "<group>";
		};
		496DA4B91DB5FE90004F84F9 /* Products */ = {
			isa = PBXGroup;
			children = (
				496DA4B81DB5FE90004F84F9 /* SimpleDomainModel */,
				496DA4C61DB5FEB3004F84F9 /* SimpleDomainModelTests.xctest */,
			);
			name = Products;
			sourceTree = "<group>";
		};
		496DA4BA1DB5FE90004F84F9 /* SimpleDomainModel */ = {
			isa = PBXGroup;
			children = (
				496DA4BB1DB5FE90004F84F9 /* main.swift */,
			);
			path = SimpleDomainModel;
			sourceTree = "<group>";
		};
		496DA4C71DB5FEB3004F84F9 /* SimpleDomainModelTests */ = {
			isa = PBXGroup;
			children = (
				496DA4D81DB5FF3B004F84F9 /* SimpleDomainModelTests.swift */,
				496DA4CF1DB5FEF6004F84F9 /* JobTests.swift */,
				496DA4D01DB5FEF6004F84F9 /* MoneyTests.swift */,
				496DA4D11DB5FEF6004F84F9 /* PersonTests.swift */,
				496DA4DB1DB5FF9D004F84F9 /* Info.plist */,
			);
			path = SimpleDomainModelTests;
			sourceTree = "<group>";
		};
/* End PBXGroup section */

/* Begin PBXNativeTarget section */
		496DA4B71DB5FE90004F84F9 /* SimpleDomainModel */ = {
			isa = PBXNativeTarget;
			buildConfigurationList = 496DA4BF1DB5FE90004F84F9 /* Build configuration list for PBXNativeTarget "SimpleDomainModel" */;
			buildPhases = (
				496DA4B41DB5FE90004F84F9 /* Sources */,
				496DA4B51DB5FE90004F84F9 /* Frameworks */,
				496DA4B61DB5FE90004F84F9 /* CopyFiles */,
			);
			buildRules = (
			);
			dependencies = (
			);
			name = SimpleDomainModel;
			productName = SimpleDomainModel;
			productReference = 496DA4B81DB5FE90004F84F9 /* SimpleDomainModel */;
			productType = "com.apple.product-type.tool";
		};
		496DA4C51DB5FEB3004F84F9 /* SimpleDomainModelTests */ = {
			isa = PBXNativeTarget;
			buildConfigurationList = 496DA4CB1DB5FEB3004F84F9 /* Build configuration list for PBXNativeTarget "SimpleDomainModelTests" */;
			buildPhases = (
				496DA4C21DB5FEB3004F84F9 /* Sources */,
				496DA4C31DB5FEB3004F84F9 /* Frameworks */,
				496DA4C41DB5FEB3004F84F9 /* Resources */,
			);
			buildRules = (
			);
			dependencies = (
			);
			name = SimpleDomainModelTests;
			productName = SimpleDomainModelTests;
			productReference = 496DA4C61DB5FEB3004F84F9 /* SimpleDomainModelTests.xctest */;
			productType = "com.apple.product-type.bundle.unit-test";
		};
/* End PBXNativeTarget section */

/* Begin PBXProject section */
		496DA4B01DB5FE90004F84F9 /* Project object */ = {
			isa = PBXProject;
			attributes = {
				LastSwiftUpdateCheck = 0800;
				LastUpgradeCheck = 0800;
				ORGANIZATIONNAME = emh;
				TargetAttributes = {
					496DA4B71DB5FE90004F84F9 = {
						CreatedOnToolsVersion = 8.0;
						DevelopmentTeam = 5GH4FJ7825;
						ProvisioningStyle = Automatic;
					};
					496DA4C51DB5FEB3004F84F9 = {
						CreatedOnToolsVersion = 8.0;
						DevelopmentTeam = 5GH4FJ7825;
						ProvisioningStyle = Automatic;
					};
				};
			};
			buildConfigurationList = 496DA4B31DB5FE90004F84F9 /* Build configuration list for PBXProject "SimpleDomainModel" */;
			compatibilityVersion = "Xcode 3.2";
			developmentRegion = English;
			hasScannedForEncodings = 0;
			knownRegions = (
				en,
			);
			mainGroup = 496DA4AF1DB5FE90004F84F9;
			productRefGroup = 496DA4B91DB5FE90004F84F9 /* Products */;
			projectDirPath = "";
			projectRoot = "";
			targets = (
				496DA4B71DB5FE90004F84F9 /* SimpleDomainModel */,
				496DA4C51DB5FEB3004F84F9 /* SimpleDomainModelTests */,
			);
		};
/* End PBXProject section */

/* Begin PBXResourcesBuildPhase section */
		496DA4C41DB5FEB3004F84F9 /* Resources */ = {
			isa = PBXResourcesBuildPhase;
			buildActionMask = 2147483647;
			files = (
				496DA4DC1DB5FF9D004F84F9 /* Info.plist in Resources */,
			);
			runOnlyForDeploymentPostprocessing = 0;
		};
/* End PBXResourcesBuildPhase section */

/* Begin PBXSourcesBuildPhase section */
		496DA4B41DB5FE90004F84F9 /* Sources */ = {
			isa = PBXSourcesBuildPhase;
			buildActionMask = 2147483647;
			files = (
				496DA4BC1DB5FE90004F84F9 /* main.swift in Sources */,
			);
			runOnlyForDeploymentPostprocessing = 0;
		};
		496DA4C21DB5FEB3004F84F9 /* Sources */ = {
			isa = PBXSourcesBuildPhase;
			buildActionMask = 2147483647;
			files = (
				496DA4D91DB5FF3B004F84F9 /* SimpleDomainModelTests.swift in Sources */,
				496DA4DA1DB5FF53004F84F9 /* main.swift in Sources */,
				496DA4D41DB5FEF6004F84F9 /* JobTests.swift in Sources */,
				496DA4D61DB5FEF6004F84F9 /* PersonTests.swift in Sources */,
				496DA4D51DB5FEF6004F84F9 /* MoneyTests.swift in Sources */,
			);
			runOnlyForDeploymentPostprocessing = 0;
		};
/* End PBXSourcesBuildPhase section */

/* Begin XCBuildConfiguration section */
		496DA4BD1DB5FE90004F84F9 /* Debug */ = {
			isa = XCBuildConfiguration;
			buildSettings = {
				ALWAYS_SEARCH_USER_PATHS = NO;
				CLANG_ANALYZER_NONNULL = YES;
				CLANG_CXX_LANGUAGE_STANDARD = "gnu++0x";
				CLANG_CXX_LIBRARY = "libc++";
				CLANG_ENABLE_MODULES = YES;
				CLANG_ENABLE_OBJC_ARC = YES;
				CLANG_WARN_BOOL_CONVERSION = YES;
				CLANG_WARN_CONSTANT_CONVERSION = YES;
				CLANG_WARN_DIRECT_OBJC_ISA_USAGE = YES_ERROR;
				CLANG_WARN_DOCUMENTATION_COMMENTS = YES;
				CLANG_WARN_EMPTY_BODY = YES;
				CLANG_WARN_ENUM_CONVERSION = YES;
				CLANG_WARN_INFINITE_RECURSION = YES;
				CLANG_WARN_INT_CONVERSION = YES;
				CLANG_WARN_OBJC_ROOT_CLASS = YES_ERROR;
				CLANG_WARN_SUSPICIOUS_MOVES = YES;
				CLANG_WARN_UNREACHABLE_CODE = YES;
				CLANG_WARN__DUPLICATE_METHOD_MATCH = YES;
				CODE_SIGN_IDENTITY = "-";
				COPY_PHASE_STRIP = NO;
				DEBUG_INFORMATION_FORMAT = dwarf;
				ENABLE_STRICT_OBJC_MSGSEND = YES;
				ENABLE_TESTABILITY = YES;
				GCC_C_LANGUAGE_STANDARD = gnu99;
				GCC_DYNAMIC_NO_PIC = NO;
				GCC_NO_COMMON_BLOCKS = YES;
				GCC_OPTIMIZATION_LEVEL = 0;
				GCC_PREPROCESSOR_DEFINITIONS = (
					"DEBUG=1",
					"$(inherited)",
				);
				GCC_WARN_64_TO_32_BIT_CONVERSION = YES;
				GCC_WARN_ABOUT_RETURN_TYPE = YES_ERROR;
				GCC_WARN_UNDECLARED_SELECTOR = YES;
				GCC_WARN_UNINITIALIZED_AUTOS = YES_AGGRESSIVE;
				GCC_WARN_UNUSED_FUNCTION = YES;
				GCC_WARN_UNUSED_VARIABLE = YES;
				MACOSX_DEPLOYMENT_TARGET = 10.12;
				MTL_ENABLE_DEBUG_INFO = YES;
				ONLY_ACTIVE_ARCH = YES;
				SDKROOT = macosx;
				SWIFT_OPTIMIZATION_LEVEL = "-Onone";
			};
			name = Debug;
		};
		496DA4BE1DB5FE90004F84F9 /* Release */ = {
			isa = XCBuildConfiguration;
			buildSettings = {
				ALWAYS_SEARCH_USER_PATHS = NO;
				CLANG_ANALYZER_NONNULL = YES;
				CLANG_CXX_LANGUAGE_STANDARD = "gnu++0x";
				CLANG_CXX_LIBRARY = "libc++";
				CLANG_ENABLE_MODULES = YES;
				CLANG_ENABLE_OBJC_ARC = YES;
				CLANG_WARN_BOOL_CONVERSION = YES;
				CLANG_WARN_CONSTANT_CONVERSION = YES;
				CLANG_WARN_DIRECT_OBJC_ISA_USAGE = YES_ERROR;
				CLANG_WARN_DOCUMENTATION_COMMENTS = YES;
				CLANG_WARN_EMPTY_BODY = YES;
				CLANG_WARN_ENUM_CONVERSION = YES;
				CLANG_WARN_INFINITE_RECURSION = YES;
				CLANG_WARN_INT_CONVERSION = YES;
				CLANG_WARN_OBJC_ROOT_CLASS = YES_ERROR;
				CLANG_WARN_SUSPICIOUS_MOVES = YES;
				CLANG_WARN_UNREACHABLE_CODE = YES;
				CLANG_WARN__DUPLICATE_METHOD_MATCH = YES;
				CODE_SIGN_IDENTITY = "-";
				COPY_PHASE_STRIP = NO;
				DEBUG_INFORMATION_FORMAT = "dwarf-with-dsym";
				ENABLE_NS_ASSERTIONS = NO;
				ENABLE_STRICT_OBJC_MSGSEND = YES;
				GCC_C_LANGUAGE_STANDARD = gnu99;
				GCC_NO_COMMON_BLOCKS = YES;
				GCC_WARN_64_TO_32_BIT_CONVERSION = YES;
				GCC_WARN_ABOUT_RETURN_TYPE = YES_ERROR;
				GCC_WARN_UNDECLARED_SELECTOR = YES;
				GCC_WARN_UNINITIALIZED_AUTOS = YES_AGGRESSIVE;
				GCC_WARN_UNUSED_FUNCTION = YES;
				GCC_WARN_UNUSED_VARIABLE = YES;
				MACOSX_DEPLOYMENT_TARGET = 10.12;
				MTL_ENABLE_DEBUG_INFO = NO;
				SDKROOT = macosx;
			};
			name = Release;
		};
		496DA4C01DB5FE90004F84F9 /* Debug */ = {
			isa = XCBuildConfiguration;
			buildSettings = {
				DEVELOPMENT_TEAM = 5GH4FJ7825;
				PRODUCT_NAME = "$(TARGET_NAME)";
				SWIFT_VERSION = 3.0;
			};
			name = Debug;
		};
		496DA4C11DB5FE90004F84F9 /* Release */ = {
			isa = XCBuildConfiguration;
			buildSettings = {
				DEVELOPMENT_TEAM = 5GH4FJ7825;
				PRODUCT_NAME = "$(TARGET_NAME)";
				SWIFT_VERSION = 3.0;
			};
			name = Release;
		};
		496DA4CC1DB5FEB3004F84F9 /* Debug */ = {
			isa = XCBuildConfiguration;
			buildSettings = {
				COMBINE_HIDPI_IMAGES = YES;
				DEVELOPMENT_TEAM = 5GH4FJ7825;
				INFOPLIST_FILE = SimpleDomainModelTests/Info.plist;
				LD_RUNPATH_SEARCH_PATHS = "$(inherited) @executable_path/../Frameworks @loader_path/../Frameworks";
				PRODUCT_BUNDLE_IDENTIFIER = emh.SimpleDomainModelTests;
				PRODUCT_NAME = "$(TARGET_NAME)";
				SWIFT_ACTIVE_COMPILATION_CONDITIONS = DEBUG;
				SWIFT_VERSION = 3.0;
			};
			name = Debug;
		};
		496DA4CD1DB5FEB3004F84F9 /* Release */ = {
			isa = XCBuildConfiguration;
			buildSettings = {
				COMBINE_HIDPI_IMAGES = YES;
				DEVELOPMENT_TEAM = 5GH4FJ7825;
				INFOPLIST_FILE = SimpleDomainModelTests/Info.plist;
				LD_RUNPATH_SEARCH_PATHS = "$(inherited) @executable_path/../Frameworks @loader_path/../Frameworks";
				PRODUCT_BUNDLE_IDENTIFIER = emh.SimpleDomainModelTests;
				PRODUCT_NAME = "$(TARGET_NAME)";
				SWIFT_OPTIMIZATION_LEVEL = "-Owholemodule";
				SWIFT_VERSION = 3.0;
			};
			name = Release;
		};
/* End XCBuildConfiguration section */

/* Begin XCConfigurationList section */
		496DA4B31DB5FE90004F84F9 /* Build configuration list for PBXProject "SimpleDomainModel" */ = {
			isa = XCConfigurationList;
			buildConfigurations = (
				496DA4BD1DB5FE90004F84F9 /* Debug */,
				496DA4BE1DB5FE90004F84F9 /* Release */,
			);
			defaultConfigurationIsVisible = 0;
			defaultConfigurationName = Release;
		};
		496DA4BF1DB5FE90004F84F9 /* Build configuration list for PBXNativeTarget "SimpleDomainModel" */ = {
			isa = XCConfigurationList;
			buildConfigurations = (
				496DA4C01DB5FE90004F84F9 /* Debug */,
				496DA4C11DB5FE90004F84F9 /* Release */,
			);
			defaultConfigurationIsVisible = 0;
		};
		496DA4CB1DB5FEB3004F84F9 /* Build configuration list for PBXNativeTarget "SimpleDomainModelTests" */ = {
			isa = XCConfigurationList;
			buildConfigurations = (
				496DA4CC1DB5FEB3004F84F9 /* Debug */,
				496DA4CD1DB5FEB3004F84F9 /* Release */,
			);
			defaultConfigurationIsVisible = 0;
		};
/* End XCConfigurationList section */
	};
	rootObject = 496DA4B01DB5FE90004F84F9 /* Project object */;
}
